// !$*UTF8*$!
{
	archiveVersion = 1;
	classes = {
	};
	objectVersion = 77;
	objects = {

/* Begin PBXContainerItemProxy section */
		E2D22DBB2E9021DD00CC6BCC /* PBXContainerItemProxy */ = {
			isa = PBXContainerItemProxy;
			containerPortal = E2D22DA22E9021DC00CC6BCC /* Project object */;
			proxyType = 1;
			remoteGlobalIDString = E2D22DA92E9021DC00CC6BCC;
			remoteInfo = Treon;
		};
		E2D22DC52E9021DD00CC6BCC /* PBXContainerItemProxy */ = {
			isa = PBXContainerItemProxy;
			containerPortal = E2D22DA22E9021DC00CC6BCC /* Project object */;
			proxyType = 1;
			remoteGlobalIDString = E2D22DA92E9021DC00CC6BCC;
			remoteInfo = Treon;
		};
/* End PBXContainerItemProxy section */

/* Begin PBXFileReference section */
		E2D22DAA2E9021DC00CC6BCC /* Treon.app */ = {isa = PBXFileReference; explicitFileType = wrapper.application; includeInIndex = 0; path = Treon.app; sourceTree = BUILT_PRODUCTS_DIR; };
		E2D22DBA2E9021DD00CC6BCC /* TreonTests.xctest */ = {isa = PBXFileReference; explicitFileType = wrapper.cfbundle; includeInIndex = 0; path = TreonTests.xctest; sourceTree = BUILT_PRODUCTS_DIR; };
		E2D22DC42E9021DD00CC6BCC /* TreonUITests.xctest */ = {isa = PBXFileReference; explicitFileType = wrapper.cfbundle; includeInIndex = 0; path = TreonUITests.xctest; sourceTree = BUILT_PRODUCTS_DIR; };
/* End PBXFileReference section */

/* Begin PBXFileSystemSynchronizedRootGroup section */
		E2D22DAC2E9021DC00CC6BCC /* Treon */ = {
			isa = PBXFileSystemSynchronizedRootGroup;
			path = Treon;
			sourceTree = "<group>";
		};
		E2D22DBD2E9021DD00CC6BCC /* TreonTests */ = {
			isa = PBXFileSystemSynchronizedRootGroup;
			path = TreonTests;
			sourceTree = "<group>";
		};
		E2D22DC72E9021DD00CC6BCC /* TreonUITests */ = {
			isa = PBXFileSystemSynchronizedRootGroup;
			path = TreonUITests;
			sourceTree = "<group>";
		};
/* End PBXFileSystemSynchronizedRootGroup section */

/* Begin PBXFrameworksBuildPhase section */
		E2D22DA72E9021DC00CC6BCC /* Frameworks */ = {
			isa = PBXFrameworksBuildPhase;
			buildActionMask = 2147483647;
			files = (
			);
			runOnlyForDeploymentPostprocessing = 0;
		};
		E2D22DB72E9021DD00CC6BCC /* Frameworks */ = {
			isa = PBXFrameworksBuildPhase;
			buildActionMask = 2147483647;
			files = (
			);
			runOnlyForDeploymentPostprocessing = 0;
		};
		E2D22DC12E9021DD00CC6BCC /* Frameworks */ = {
			isa = PBXFrameworksBuildPhase;
			buildActionMask = 2147483647;
			files = (
			);
			runOnlyForDeploymentPostprocessing = 0;
		};
/* End PBXFrameworksBuildPhase section */

/* Begin PBXGroup section */
		E2D22DA12E9021DC00CC6BCC = {
			isa = PBXGroup;
			children = (
				E2D22DAC2E9021DC00CC6BCC /* Treon */,
				E2D22DBD2E9021DD00CC6BCC /* TreonTests */,
				E2D22DC72E9021DD00CC6BCC /* TreonUITests */,
				E2D22DAB2E9021DC00CC6BCC /* Products */,
			);
			sourceTree = "<group>";
		};
		E2D22DAB2E9021DC00CC6BCC /* Products */ = {
			isa = PBXGroup;
			children = (
				E2D22DAA2E9021DC00CC6BCC /* Treon.app */,
				E2D22DBA2E9021DD00CC6BCC /* TreonTests.xctest */,
				E2D22DC42E9021DD00CC6BCC /* TreonUITests.xctest */,
			);
			name = Products;
			sourceTree = "<group>";
		};
/* End PBXGroup section */

/* Begin PBXNativeTarget section */
		E2D22DA92E9021DC00CC6BCC /* Treon */ = {
			isa = PBXNativeTarget;
			buildConfigurationList = E2D22DCE2E9021DD00CC6BCC /* Build configuration list for PBXNativeTarget "Treon" */;
			buildPhases = (
				E2D22DA62E9021DC00CC6BCC /* Sources */,
				E2D22DA72E9021DC00CC6BCC /* Frameworks */,
				E2D22DA82E9021DC00CC6BCC /* Resources */,
			);
			buildRules = (
			);
			dependencies = (
			);
			fileSystemSynchronizedGroups = (
				E2D22DAC2E9021DC00CC6BCC /* Treon */,
			);
			name = Treon;
			packageProductDependencies = (
			);
			productName = Treon;
			productReference = E2D22DAA2E9021DC00CC6BCC /* Treon.app */;
			productType = "com.apple.product-type.application";
		};
		E2D22DB92E9021DD00CC6BCC /* TreonTests */ = {
			isa = PBXNativeTarget;
			buildConfigurationList = E2D22DD12E9021DD00CC6BCC /* Build configuration list for PBXNativeTarget "TreonTests" */;
			buildPhases = (
				E2D22DB62E9021DD00CC6BCC /* Sources */,
				E2D22DB72E9021DD00CC6BCC /* Frameworks */,
				E2D22DB82E9021DD00CC6BCC /* Resources */,
			);
			buildRules = (
			);
			dependencies = (
				E2D22DBC2E9021DD00CC6BCC /* PBXTargetDependency */,
			);
			fileSystemSynchronizedGroups = (
				E2D22DBD2E9021DD00CC6BCC /* TreonTests */,
			);
			name = TreonTests;
			packageProductDependencies = (
			);
			productName = TreonTests;
			productReference = E2D22DBA2E9021DD00CC6BCC /* TreonTests.xctest */;
			productType = "com.apple.product-type.bundle.unit-test";
		};
		E2D22DC32E9021DD00CC6BCC /* TreonUITests */ = {
			isa = PBXNativeTarget;
			buildConfigurationList = E2D22DD42E9021DD00CC6BCC /* Build configuration list for PBXNativeTarget "TreonUITests" */;
			buildPhases = (
				E2D22DC02E9021DD00CC6BCC /* Sources */,
				E2D22DC12E9021DD00CC6BCC /* Frameworks */,
				E2D22DC22E9021DD00CC6BCC /* Resources */,
			);
			buildRules = (
			);
			dependencies = (
				E2D22DC62E9021DD00CC6BCC /* PBXTargetDependency */,
			);
			fileSystemSynchronizedGroups = (
				E2D22DC72E9021DD00CC6BCC /* TreonUITests */,
			);
			name = TreonUITests;
			packageProductDependencies = (
			);
			productName = TreonUITests;
			productReference = E2D22DC42E9021DD00CC6BCC /* TreonUITests.xctest */;
			productType = "com.apple.product-type.bundle.ui-testing";
		};
/* End PBXNativeTarget section */

/* Begin PBXProject section */
		E2D22DA22E9021DC00CC6BCC /* Project object */ = {
			isa = PBXProject;
			attributes = {
				BuildIndependentTargetsInParallel = 1;
				LastSwiftUpdateCheck = 2600;
				LastUpgradeCheck = 2600;
				TargetAttributes = {
					E2D22DA92E9021DC00CC6BCC = {
						CreatedOnToolsVersion = 26.0.1;
					};
					E2D22DB92E9021DD00CC6BCC = {
						CreatedOnToolsVersion = 26.0.1;
						TestTargetID = E2D22DA92E9021DC00CC6BCC;
					};
					E2D22DC32E9021DD00CC6BCC = {
						CreatedOnToolsVersion = 26.0.1;
						TestTargetID = E2D22DA92E9021DC00CC6BCC;
					};
				};
			};
			buildConfigurationList = E2D22DA52E9021DC00CC6BCC /* Build configuration list for PBXProject "Treon" */;
			developmentRegion = en;
			hasScannedForEncodings = 0;
			knownRegions = (
				en,
				Base,
			);
			mainGroup = E2D22DA12E9021DC00CC6BCC;
			minimizedProjectReferenceProxies = 1;
			preferredProjectObjectVersion = 77;
			productRefGroup = E2D22DAB2E9021DC00CC6BCC /* Products */;
			projectDirPath = "";
			projectRoot = "";
			targets = (
				E2D22DA92E9021DC00CC6BCC /* Treon */,
				E2D22DB92E9021DD00CC6BCC /* TreonTests */,
				E2D22DC32E9021DD00CC6BCC /* TreonUITests */,
			);
		};
/* End PBXProject section */

/* Begin PBXResourcesBuildPhase section */
		E2D22DA82E9021DC00CC6BCC /* Resources */ = {
			isa = PBXResourcesBuildPhase;
			buildActionMask = 2147483647;
			files = (
			);
			runOnlyForDeploymentPostprocessing = 0;
		};
		E2D22DB82E9021DD00CC6BCC /* Resources */ = {
			isa = PBXResourcesBuildPhase;
			buildActionMask = 2147483647;
			files = (
			);
			runOnlyForDeploymentPostprocessing = 0;
		};
		E2D22DC22E9021DD00CC6BCC /* Resources */ = {
			isa = PBXResourcesBuildPhase;
			buildActionMask = 2147483647;
			files = (
			);
			runOnlyForDeploymentPostprocessing = 0;
		};
/* End PBXResourcesBuildPhase section */

/* Begin PBXSourcesBuildPhase section */
		E2D22DA62E9021DC00CC6BCC /* Sources */ = {
			isa = PBXSourcesBuildPhase;
			buildActionMask = 2147483647;
			files = (
			);
			runOnlyForDeploymentPostprocessing = 0;
		};
		E2D22DB62E9021DD00CC6BCC /* Sources */ = {
			isa = PBXSourcesBuildPhase;
			buildActionMask = 2147483647;
			files = (
			);
			runOnlyForDeploymentPostprocessing = 0;
		};
		E2D22DC02E9021DD00CC6BCC /* Sources */ = {
			isa = PBXSourcesBuildPhase;
			buildActionMask = 2147483647;
			files = (
			);
			runOnlyForDeploymentPostprocessing = 0;
		};
/* End PBXSourcesBuildPhase section */

/* Begin PBXTargetDependency section */
		E2D22DBC2E9021DD00CC6BCC /* PBXTargetDependency */ = {
			isa = PBXTargetDependency;
			target = E2D22DA92E9021DC00CC6BCC /* Treon */;
			targetProxy = E2D22DBB2E9021DD00CC6BCC /* PBXContainerItemProxy */;
		};
		E2D22DC62E9021DD00CC6BCC /* PBXTargetDependency */ = {
			isa = PBXTargetDependency;
			target = E2D22DA92E9021DC00CC6BCC /* Treon */;
			targetProxy = E2D22DC52E9021DD00CC6BCC /* PBXContainerItemProxy */;
		};
/* End PBXTargetDependency section */

/* Begin XCBuildConfiguration section */
		E2D22DCC2E9021DD00CC6BCC /* Debug */ = {
			isa = XCBuildConfiguration;
			buildSettings = {
				ALWAYS_SEARCH_USER_PATHS = NO;
				ASSETCATALOG_COMPILER_GENERATE_SWIFT_ASSET_SYMBOL_EXTENSIONS = YES;
				CLANG_ANALYZER_NONNULL = YES;
				CLANG_ANALYZER_NUMBER_OBJECT_CONVERSION = YES_AGGRESSIVE;
				CLANG_CXX_LANGUAGE_STANDARD = "gnu++20";
				CLANG_ENABLE_MODULES = YES;
				CLANG_ENABLE_OBJC_ARC = YES;
				CLANG_ENABLE_OBJC_WEAK = YES;
				CLANG_WARN_BLOCK_CAPTURE_AUTORELEASING = YES;
				CLANG_WARN_BOOL_CONVERSION = YES;
				CLANG_WARN_COMMA = YES;
				CLANG_WARN_CONSTANT_CONVERSION = YES;
				CLANG_WARN_DEPRECATED_OBJC_IMPLEMENTATIONS = YES;
				CLANG_WARN_DIRECT_OBJC_ISA_USAGE = YES_ERROR;
				CLANG_WARN_DOCUMENTATION_COMMENTS = YES;
				CLANG_WARN_EMPTY_BODY = YES;
				CLANG_WARN_ENUM_CONVERSION = YES;
				CLANG_WARN_INFINITE_RECURSION = YES;
				CLANG_WARN_INT_CONVERSION = YES;
				CLANG_WARN_NON_LITERAL_NULL_CONVERSION = YES;
				CLANG_WARN_OBJC_IMPLICIT_RETAIN_SELF = YES;
				CLANG_WARN_OBJC_LITERAL_CONVERSION = YES;
				CLANG_WARN_OBJC_ROOT_CLASS = YES_ERROR;
				CLANG_WARN_QUOTED_INCLUDE_IN_FRAMEWORK_HEADER = YES;
				CLANG_WARN_RANGE_LOOP_ANALYSIS = YES;
				CLANG_WARN_STRICT_PROTOTYPES = YES;
				CLANG_WARN_SUSPICIOUS_MOVE = YES;
				CLANG_WARN_UNGUARDED_AVAILABILITY = YES_AGGRESSIVE;
				CLANG_WARN_UNREACHABLE_CODE = YES;
				CLANG_WARN__DUPLICATE_METHOD_MATCH = YES;
				COPY_PHASE_STRIP = NO;
				DEBUG_INFORMATION_FORMAT = dwarf;
				ENABLE_STRICT_OBJC_MSGSEND = YES;
				ENABLE_TESTABILITY = YES;
				ENABLE_USER_SCRIPT_SANDBOXING = YES;
				GCC_C_LANGUAGE_STANDARD = gnu17;
				GCC_DYNAMIC_NO_PIC = NO;
				GCC_NO_COMMON_BLOCKS = YES;
				GCC_OPTIMIZATION_LEVEL = 0;
				GCC_PREPROCESSOR_DEFINITIONS = (
					"DEBUG=1",
					"$(inherited)",
				);
				GCC_WARN_64_TO_32_BIT_CONVERSION = YES;
				GCC_WARN_ABOUT_RETURN_TYPE = YES_ERROR;
				GCC_WARN_UNDECLARED_SELECTOR = YES;
				GCC_WARN_UNINITIALIZED_AUTOS = YES_AGGRESSIVE;
				GCC_WARN_UNUSED_FUNCTION = YES;
				GCC_WARN_UNUSED_VARIABLE = YES;
				LOCALIZATION_PREFERS_STRING_CATALOGS = YES;
				MACOSX_DEPLOYMENT_TARGET = 15.0;
				MTL_ENABLE_DEBUG_INFO = INCLUDE_SOURCE;
				MTL_FAST_MATH = YES;
				ONLY_ACTIVE_ARCH = YES;
				SDKROOT = macosx;
				SWIFT_ACTIVE_COMPILATION_CONDITIONS = "DEBUG $(inherited)";
				SWIFT_OPTIMIZATION_LEVEL = "-Onone";
			};
			name = Debug;
		};
		E2D22DCD2E9021DD00CC6BCC /* Release */ = {
			isa = XCBuildConfiguration;
			buildSettings = {
				ALWAYS_SEARCH_USER_PATHS = NO;
				ASSETCATALOG_COMPILER_GENERATE_SWIFT_ASSET_SYMBOL_EXTENSIONS = YES;
				CLANG_ANALYZER_NONNULL = YES;
				CLANG_ANALYZER_NUMBER_OBJECT_CONVERSION = YES_AGGRESSIVE;
				CLANG_CXX_LANGUAGE_STANDARD = "gnu++20";
				CLANG_ENABLE_MODULES = YES;
				CLANG_ENABLE_OBJC_ARC = YES;
				CLANG_ENABLE_OBJC_WEAK = YES;
				CLANG_WARN_BLOCK_CAPTURE_AUTORELEASING = YES;
				CLANG_WARN_BOOL_CONVERSION = YES;
				CLANG_WARN_COMMA = YES;
				CLANG_WARN_CONSTANT_CONVERSION = YES;
				CLANG_WARN_DEPRECATED_OBJC_IMPLEMENTATIONS = YES;
				CLANG_WARN_DIRECT_OBJC_ISA_USAGE = YES_ERROR;
				CLANG_WARN_DOCUMENTATION_COMMENTS = YES;
				CLANG_WARN_EMPTY_BODY = YES;
				CLANG_WARN_ENUM_CONVERSION = YES;
				CLANG_WARN_INFINITE_RECURSION = YES;
				CLANG_WARN_INT_CONVERSION = YES;
				CLANG_WARN_NON_LITERAL_NULL_CONVERSION = YES;
				CLANG_WARN_OBJC_IMPLICIT_RETAIN_SELF = YES;
				CLANG_WARN_OBJC_LITERAL_CONVERSION = YES;
				CLANG_WARN_OBJC_ROOT_CLASS = YES_ERROR;
				CLANG_WARN_QUOTED_INCLUDE_IN_FRAMEWORK_HEADER = YES;
				CLANG_WARN_RANGE_LOOP_ANALYSIS = YES;
				CLANG_WARN_STRICT_PROTOTYPES = YES;
				CLANG_WARN_SUSPICIOUS_MOVE = YES;
				CLANG_WARN_UNGUARDED_AVAILABILITY = YES_AGGRESSIVE;
				CLANG_WARN_UNREACHABLE_CODE = YES;
				CLANG_WARN__DUPLICATE_METHOD_MATCH = YES;
				COPY_PHASE_STRIP = NO;
				DEBUG_INFORMATION_FORMAT = "dwarf-with-dsym";
				ENABLE_NS_ASSERTIONS = NO;
				ENABLE_STRICT_OBJC_MSGSEND = YES;
				ENABLE_USER_SCRIPT_SANDBOXING = YES;
				GCC_C_LANGUAGE_STANDARD = gnu17;
				GCC_NO_COMMON_BLOCKS = YES;
				GCC_WARN_64_TO_32_BIT_CONVERSION = YES;
				GCC_WARN_ABOUT_RETURN_TYPE = YES_ERROR;
				GCC_WARN_UNDECLARED_SELECTOR = YES;
				GCC_WARN_UNINITIALIZED_AUTOS = YES_AGGRESSIVE;
				GCC_WARN_UNUSED_FUNCTION = YES;
				GCC_WARN_UNUSED_VARIABLE = YES;
				LOCALIZATION_PREFERS_STRING_CATALOGS = YES;
				MACOSX_DEPLOYMENT_TARGET = 15.0;
				MTL_ENABLE_DEBUG_INFO = NO;
				MTL_FAST_MATH = YES;
				SDKROOT = macosx;
				SWIFT_COMPILATION_MODE = wholemodule;
			};
			name = Release;
		};
		E2D22DCF2E9021DD00CC6BCC /* Debug */ = {
			isa = XCBuildConfiguration;
			buildSettings = {
				ASSETCATALOG_COMPILER_APPICON_NAME = AppIcon;
				ASSETCATALOG_COMPILER_GLOBAL_ACCENT_COLOR_NAME = AccentColor;
				CODE_SIGN_STYLE = Automatic;
				COMBINE_HIDPI_IMAGES = YES;
				CURRENT_PROJECT_VERSION = 1;
				ENABLE_APP_SANDBOX = YES;
				ENABLE_USER_SELECTED_FILES = readonly;
				GENERATE_INFOPLIST_FILE = YES;
				INFOPLIST_KEY_NSHumanReadableCopyright = "";
				INFOPLIST_KEY_NSMainStoryboardFile = Main;
				INFOPLIST_KEY_NSPrincipalClass = NSApplication;
				LD_RUNPATH_SEARCH_PATHS = (
					"$(inherited)",
					"@executable_path/../Frameworks",
				);
				LIBRARY_SEARCH_PATHS = "$(SRCROOT)/rust_backend/target/release";
				MARKETING_VERSION = 1.0;
				OTHER_LDFLAGS = "-ltreon_rust_backend";
				PRODUCT_BUNDLE_IDENTIFIER = club.cycleruncode.Treon;
				PRODUCT_NAME = "$(TARGET_NAME)";
				REGISTER_APP_GROUPS = YES;
				STRING_CATALOG_GENERATE_SYMBOLS = YES;
				SWIFT_APPROACHABLE_CONCURRENCY = YES;
				SWIFT_DEFAULT_ACTOR_ISOLATION = MainActor;
				SWIFT_EMIT_LOC_STRINGS = YES;
				SWIFT_UPCOMING_FEATURE_MEMBER_IMPORT_VISIBILITY = YES;
				SWIFT_VERSION = 5.0;
			};
			name = Debug;
		};
		E2D22DD02E9021DD00CC6BCC /* Release */ = {
			isa = XCBuildConfiguration;
			buildSettings = {
				ASSETCATALOG_COMPILER_APPICON_NAME = AppIcon;
				ASSETCATALOG_COMPILER_GLOBAL_ACCENT_COLOR_NAME = AccentColor;
				CODE_SIGN_STYLE = Automatic;
				COMBINE_HIDPI_IMAGES = YES;
				CURRENT_PROJECT_VERSION = 1;
				ENABLE_APP_SANDBOX = YES;
				ENABLE_USER_SELECTED_FILES = readonly;
				GENERATE_INFOPLIST_FILE = YES;
				INFOPLIST_KEY_NSHumanReadableCopyright = "";
				INFOPLIST_KEY_NSMainStoryboardFile = Main;
				INFOPLIST_KEY_NSPrincipalClass = NSApplication;
				LD_RUNPATH_SEARCH_PATHS = (
					"$(inherited)",
					"@executable_path/../Frameworks",
				);
				LIBRARY_SEARCH_PATHS = "$(SRCROOT)/rust_backend/target/release";
				MARKETING_VERSION = 1.0;
				OTHER_LDFLAGS = "-ltreon_rust_backend";
				PRODUCT_BUNDLE_IDENTIFIER = club.cycleruncode.Treon;
				PRODUCT_NAME = "$(TARGET_NAME)";
				REGISTER_APP_GROUPS = YES;
				STRING_CATALOG_GENERATE_SYMBOLS = YES;
				SWIFT_APPROACHABLE_CONCURRENCY = YES;
				SWIFT_DEFAULT_ACTOR_ISOLATION = MainActor;
				SWIFT_EMIT_LOC_STRINGS = YES;
				SWIFT_UPCOMING_FEATURE_MEMBER_IMPORT_VISIBILITY = YES;
				SWIFT_VERSION = 5.0;
			};
			name = Release;
		};
		E2D22DD22E9021DD00CC6BCC /* Debug */ = {
			isa = XCBuildConfiguration;
			buildSettings = {
				BUNDLE_LOADER = "$(TEST_HOST)";
				CODE_SIGN_STYLE = Automatic;
				CURRENT_PROJECT_VERSION = 1;
				GENERATE_INFOPLIST_FILE = YES;
				LIBRARY_SEARCH_PATHS = "$(SRCROOT)/rust_backend/target/release";
				MACOSX_DEPLOYMENT_TARGET = 15.0;
				MARKETING_VERSION = 1.0;
				OTHER_LDFLAGS = "-ltreon_rust_backend";
				PRODUCT_BUNDLE_IDENTIFIER = club.cycleruncode.TreonTests;
				PRODUCT_NAME = "$(TARGET_NAME)";
				STRING_CATALOG_GENERATE_SYMBOLS = NO;
				SWIFT_APPROACHABLE_CONCURRENCY = YES;
				SWIFT_EMIT_LOC_STRINGS = NO;
				SWIFT_UPCOMING_FEATURE_MEMBER_IMPORT_VISIBILITY = YES;
				SWIFT_VERSION = 5.0;
				TEST_HOST = "$(BUILT_PRODUCTS_DIR)/Treon.app/$(BUNDLE_EXECUTABLE_FOLDER_PATH)/Treon";
			};
			name = Debug;
		};
		E2D22DD32E9021DD00CC6BCC /* Release */ = {
			isa = XCBuildConfiguration;
			buildSettings = {
				BUNDLE_LOADER = "$(TEST_HOST)";
				CODE_SIGN_STYLE = Automatic;
				CURRENT_PROJECT_VERSION = 1;
				GENERATE_INFOPLIST_FILE = YES;
				LIBRARY_SEARCH_PATHS = "$(SRCROOT)/rust_backend/target/release";
				MACOSX_DEPLOYMENT_TARGET = 15.0;
				MARKETING_VERSION = 1.0;
				OTHER_LDFLAGS = "-ltreon_rust_backend";
				PRODUCT_BUNDLE_IDENTIFIER = club.cycleruncode.TreonTests;
				PRODUCT_NAME = "$(TARGET_NAME)";
				STRING_CATALOG_GENERATE_SYMBOLS = NO;
				SWIFT_APPROACHABLE_CONCURRENCY = YES;
				SWIFT_EMIT_LOC_STRINGS = NO;
				SWIFT_UPCOMING_FEATURE_MEMBER_IMPORT_VISIBILITY = YES;
				SWIFT_VERSION = 5.0;
				TEST_HOST = "$(BUILT_PRODUCTS_DIR)/Treon.app/$(BUNDLE_EXECUTABLE_FOLDER_PATH)/Treon";
			};
			name = Release;
		};
		E2D22DD52E9021DD00CC6BCC /* Debug */ = {
			isa = XCBuildConfiguration;
			buildSettings = {
				CODE_SIGN_STYLE = Automatic;
				CURRENT_PROJECT_VERSION = 1;
				GENERATE_INFOPLIST_FILE = YES;
				MARKETING_VERSION = 1.0;
				PRODUCT_BUNDLE_IDENTIFIER = club.cycleruncode.TreonUITests;
				PRODUCT_NAME = "$(TARGET_NAME)";
				STRING_CATALOG_GENERATE_SYMBOLS = NO;
				SWIFT_APPROACHABLE_CONCURRENCY = YES;
				SWIFT_EMIT_LOC_STRINGS = NO;
				SWIFT_UPCOMING_FEATURE_MEMBER_IMPORT_VISIBILITY = YES;
				SWIFT_VERSION = 5.0;
				TEST_TARGET_NAME = Treon;
			};
			name = Debug;
		};
		E2D22DD62E9021DD00CC6BCC /* Release */ = {
			isa = XCBuildConfiguration;
			buildSettings = {
				CODE_SIGN_STYLE = Automatic;
				CURRENT_PROJECT_VERSION = 1;
				GENERATE_INFOPLIST_FILE = YES;
				MARKETING_VERSION = 1.0;
				PRODUCT_BUNDLE_IDENTIFIER = club.cycleruncode.TreonUITests;
				PRODUCT_NAME = "$(TARGET_NAME)";
				STRING_CATALOG_GENERATE_SYMBOLS = NO;
				SWIFT_APPROACHABLE_CONCURRENCY = YES;
				SWIFT_EMIT_LOC_STRINGS = NO;
				SWIFT_UPCOMING_FEATURE_MEMBER_IMPORT_VISIBILITY = YES;
				SWIFT_VERSION = 5.0;
				TEST_TARGET_NAME = Treon;
			};
			name = Release;
		};
/* End XCBuildConfiguration section */

/* Begin XCConfigurationList section */
		E2D22DA52E9021DC00CC6BCC /* Build configuration list for PBXProject "Treon" */ = {
			isa = XCConfigurationList;
			buildConfigurations = (
				E2D22DCC2E9021DD00CC6BCC /* Debug */,
				E2D22DCD2E9021DD00CC6BCC /* Release */,
			);
			defaultConfigurationIsVisible = 0;
			defaultConfigurationName = Release;
		};
		E2D22DCE2E9021DD00CC6BCC /* Build configuration list for PBXNativeTarget "Treon" */ = {
			isa = XCConfigurationList;
			buildConfigurations = (
				E2D22DCF2E9021DD00CC6BCC /* Debug */,
				E2D22DD02E9021DD00CC6BCC /* Release */,
			);
			defaultConfigurationIsVisible = 0;
			defaultConfigurationName = Release;
		};
		E2D22DD12E9021DD00CC6BCC /* Build configuration list for PBXNativeTarget "TreonTests" */ = {
			isa = XCConfigurationList;
			buildConfigurations = (
				E2D22DD22E9021DD00CC6BCC /* Debug */,
				E2D22DD32E9021DD00CC6BCC /* Release */,
			);
			defaultConfigurationIsVisible = 0;
			defaultConfigurationName = Release;
		};
		E2D22DD42E9021DD00CC6BCC /* Build configuration list for PBXNativeTarget "TreonUITests" */ = {
			isa = XCConfigurationList;
			buildConfigurations = (
				E2D22DD52E9021DD00CC6BCC /* Debug */,
				E2D22DD62E9021DD00CC6BCC /* Release */,
			);
			defaultConfigurationIsVisible = 0;
			defaultConfigurationName = Release;
		};
/* End XCConfigurationList section */
	};
	rootObject = E2D22DA22E9021DC00CC6BCC /* Project object */;
}
